
Microsoft Visual Studio Solution File, Format Version 12.00
# Visual Studio 14
VisualStudioVersion = 14.0.25420.1
MinimumVisualStudioVersion = 10.0.40219.1
Project("{FAE04EC0-301F-11D3-BF4B-00C04F79EFBC}") = "WindowsFormsApplication2", "WindowsFormsApplication2\WindowsFormsApplication2.csproj", "{A012EA6B-6CE6-46C1-B20D-F22C9E3A08D5}"
EndProject
Project("{54435603-DBB4-11D2-8724-00A0C9A8B90C}") = "Setup1", "Setup1\Setup1.vdproj", "{820FFE25-4D25-42E7-9AFF-55FDA683CF50}"
EndProject
Project("{FAE04EC0-301F-11D3-BF4B-00C04F79EFBC}") = "TRCBMRservice", "WindowsService1\TRCBMRservice.csproj", "{5363A247-2CEF-42D2-8CB6-041AE744FE8C}"
EndProject
Project("{FAE04EC0-301F-11D3-BF4B-00C04F79EFBC}") = "ConsoleApplication1", "ConsoleApplication1\ConsoleApplication1.csproj", "{6FAF6AEA-E48F-4973-A3F4-8870917A6CDA}"
EndProject
Global
	GlobalSection(SolutionConfigurationPlatforms) = preSolution
		Debug|Any CPU = Debug|Any CPU
		Debug|x64 = Debug|x64
		Release|Any CPU = Release|Any CPU
		Release|x64 = Release|x64
	EndGlobalSection
	GlobalSection(ProjectConfigurationPlatforms) = postSolution
		{A012EA6B-6CE6-46C1-B20D-F22C9E3A08D5}.Debug|Any CPU.ActiveCfg = Debug|Any CPU
		{A012EA6B-6CE6-46C1-B20D-F22C9E3A08D5}.Debug|Any CPU.Build.0 = Debug|Any CPU
		{A012EA6B-6CE6-46C1-B20D-F22C9E3A08D5}.Debug|x64.ActiveCfg = Debug|x64
		{A012EA6B-6CE6-46C1-B20D-F22C9E3A08D5}.Debug|x64.Build.0 = Debug|x64
		{A012EA6B-6CE6-46C1-B20D-F22C9E3A08D5}.Release|Any CPU.ActiveCfg = Release|Any CPU
		{A012EA6B-6CE6-46C1-B20D-F22C9E3A08D5}.Release|Any CPU.Build.0 = Release|Any CPU
		{A012EA6B-6CE6-46C1-B20D-F22C9E3A08D5}.Release|x64.ActiveCfg = Release|x64
		{A012EA6B-6CE6-46C1-B20D-F22C9E3A08D5}.Release|x64.Build.0 = Release|x64
		{820FFE25-4D25-42E7-9AFF-55FDA683CF50}.Debug|Any CPU.ActiveCfg = Debug
		{820FFE25-4D25-42E7-9AFF-55FDA683CF50}.Debug|x64.ActiveCfg = Debug
		{820FFE25-4D25-42E7-9AFF-55FDA683CF50}.Debug|x64.Build.0 = Debug
		{820FFE25-4D25-42E7-9AFF-55FDA683CF50}.Release|Any CPU.ActiveCfg = Release
		{820FFE25-4D25-42E7-9AFF-55FDA683CF50}.Release|x64.ActiveCfg = Release
		{820FFE25-4D25-42E7-9AFF-55FDA683CF50}.Release|x64.Build.0 = Release
		{5363A247-2CEF-42D2-8CB6-041AE744FE8C}.Debug|Any CPU.ActiveCfg = Debug|Any CPU
		{5363A247-2CEF-42D2-8CB6-041AE744FE8C}.Debug|Any CPU.Build.0 = Debug|Any CPU
		{5363A247-2CEF-42D2-8CB6-041AE744FE8C}.Debug|x64.ActiveCfg = Debug|x64
		{5363A247-2CEF-42D2-8CB6-041AE744FE8C}.Debug|x64.Build.0 = Debug|x64
		{5363A247-2CEF-42D2-8CB6-041AE744FE8C}.Release|Any CPU.ActiveCfg = Release|Any CPU
		{5363A247-2CEF-42D2-8CB6-041AE744FE8C}.Release|Any CPU.Build.0 = Release|Any CPU
		{5363A247-2CEF-42D2-8CB6-041AE744FE8C}.Release|x64.ActiveCfg = Release|Any CPU
		{5363A247-2CEF-42D2-8CB6-041AE744FE8C}.Release|x64.Build.0 = Release|Any CPU
		{6FAF6AEA-E48F-4973-A3F4-8870917A6CDA}.Debug|Any CPU.ActiveCfg = Debug|Any CPU
		{6FAF6AEA-E48F-4973-A3F4-8870917A6CDA}.Debug|Any CPU.Build.0 = Debug|Any CPU
		{6FAF6AEA-E48F-4973-A3F4-8870917A6CDA}.Debug|x64.ActiveCfg = Debug|x64
		{6FAF6AEA-E48F-4973-A3F4-8870917A6CDA}.Debug|x64.Build.0 = Debug|x64
		{6FAF6AEA-E48F-4973-A3F4-8870917A6CDA}.Release|Any CPU.ActiveCfg = Release|Any CPU
		{6FAF6AEA-E48F-4973-A3F4-8870917A6CDA}.Release|Any CPU.Build.0 = Release|Any CPU
		{6FAF6AEA-E48F-4973-A3F4-8870917A6CDA}.Release|x64.ActiveCfg = Release|Any CPU
		{6FAF6AEA-E48F-4973-A3F4-8870917A6CDA}.Release|x64.Build.0 = Release|Any CPU
	EndGlobalSection
	GlobalSection(SolutionProperties) = preSolution
		HideSolutionNode = FALSE
	EndGlobalSection
EndGlobal
