
Microsoft Visual Studio Solution File, Format Version 12.00
# Visual Studio 14
VisualStudioVersion = 14.0.25420.1
MinimumVisualStudioVersion = 10.0.40219.1
Project("{FAE04EC0-301F-11D3-BF4B-00C04F79EFBC}") = "WindowsFormsApplication2", "WindowsFormsApplication2\WindowsFormsApplication2.csproj", "{A012EA6B-6CE6-46C1-B20D-F22C9E3A08D5}"
EndProject
Project("{54435603-DBB4-11D2-8724-00A0C9A8B90C}") = "Setup1", "Setup1\Setup1.vdproj", "{820FFE25-4D25-42E7-9AFF-55FDA683CF50}"
EndProject
Global
	GlobalSection(SolutionConfigurationPlatforms) = preSolution
		Debug|Any CPU = Debug|Any CPU
		Release|Any CPU = Release|Any CPU
	EndGlobalSection
	GlobalSection(ProjectConfigurationPlatforms) = postSolution
		{A012EA6B-6CE6-46C1-B20D-F22C9E3A08D5}.Debug|Any CPU.ActiveCfg = Debug|Any CPU
		{A012EA6B-6CE6-46C1-B20D-F22C9E3A08D5}.Debug|Any CPU.Build.0 = Debug|Any CPU
		{A012EA6B-6CE6-46C1-B20D-F22C9E3A08D5}.Release|Any CPU.ActiveCfg = Release|Any CPU
		{A012EA6B-6CE6-46C1-B20D-F22C9E3A08D5}.Release|Any CPU.Build.0 = Release|Any CPU
		{820FFE25-4D25-42E7-9AFF-55FDA683CF50}.Debug|Any CPU.ActiveCfg = Debug
		{820FFE25-4D25-42E7-9AFF-55FDA683CF50}.Release|Any CPU.ActiveCfg = Release
	EndGlobalSection
	GlobalSection(SolutionProperties) = preSolution
		HideSolutionNode = FALSE
	EndGlobalSection
EndGlobal
